
Microsoft Visual Studio Solution File, Format Version 9.00
# Visual Studio 2005
Project("{FAE04EC0-301F-11D3-BF4B-00C04F79EFBC}") = "KMZViewer", "KMZViewer.csproj", "{E5D4E534-CF59-468D-9A24-A7325E380045}"
EndProject
Global
	GlobalSection(SolutionConfigurationPlatforms) = preSolution
		Debug (Full)|Any CPU = Debug (Full)|Any CPU
		Debug (NOFR24)|Any CPU = Debug (NOFR24)|Any CPU
		Release (Full)|Any CPU = Release (Full)|Any CPU
	EndGlobalSection
	GlobalSection(ProjectConfigurationPlatforms) = postSolution
		{E5D4E534-CF59-468D-9A24-A7325E380045}.Debug (Full)|Any CPU.ActiveCfg = Debug (Full)|Any CPU
		{E5D4E534-CF59-468D-9A24-A7325E380045}.Debug (Full)|Any CPU.Build.0 = Debug (Full)|Any CPU
		{E5D4E534-CF59-468D-9A24-A7325E380045}.Debug (NOFR24)|Any CPU.ActiveCfg = Debug (NOFR24)|Any CPU
		{E5D4E534-CF59-468D-9A24-A7325E380045}.Debug (NOFR24)|Any CPU.Build.0 = Debug (NOFR24)|Any CPU
		{E5D4E534-CF59-468D-9A24-A7325E380045}.Release (Full)|Any CPU.ActiveCfg = Release|Any CPU
		{E5D4E534-CF59-468D-9A24-A7325E380045}.Release (Full)|Any CPU.Build.0 = Release|Any CPU
	EndGlobalSection
	GlobalSection(SolutionProperties) = preSolution
		HideSolutionNode = FALSE
	EndGlobalSection
EndGlobal
